
Microsoft Visual Studio Solution File, Format Version 12.00
# Visual Studio Version 17
VisualStudioVersion = 17.0.31903.59
MinimumVisualStudioVersion = 10.0.40219.1
Project("{FAE04EC0-301F-11D3-BF4B-00C04F79EFBC}") = "Guncon3Console", "Guncon3Console\Guncon3Console.csproj", "{B522DDAF-CA9E-4A39-ACCB-AAFF6EE732DF}"
EndProject
Project("{FAE04EC0-301F-11D3-BF4B-00C04F79EFBC}") = "Guncon3.Core", "Guncon3.Core\Guncon3.Core.csproj", "{EB2C9632-3DC6-48E0-B2EB-E2E57E718124}"
EndProject
Project("{FAE04EC0-301F-11D3-BF4B-00C04F79EFBC}") = "Guncon3.Core.Tests", "..\tests\Guncon3.Core.Tests\Guncon3.Core.Tests.csproj", "{2924DE77-FE7D-4D82-9F86-934784335E1D}"
EndProject
Global
	GlobalSection(SolutionConfigurationPlatforms) = preSolution
		Debug|Any CPU = Debug|Any CPU
		Release|Any CPU = Release|Any CPU
	EndGlobalSection
	GlobalSection(SolutionProperties) = preSolution
		HideSolutionNode = FALSE
	EndGlobalSection
	GlobalSection(ProjectConfigurationPlatforms) = postSolution
		{B522DDAF-CA9E-4A39-ACCB-AAFF6EE732DF}.Debug|Any CPU.ActiveCfg = Debug|Any CPU
		{B522DDAF-CA9E-4A39-ACCB-AAFF6EE732DF}.Debug|Any CPU.Build.0 = Debug|Any CPU
		{B522DDAF-CA9E-4A39-ACCB-AAFF6EE732DF}.Release|Any CPU.ActiveCfg = Release|Any CPU
		{B522DDAF-CA9E-4A39-ACCB-AAFF6EE732DF}.Release|Any CPU.Build.0 = Release|Any CPU
		{EB2C9632-3DC6-48E0-B2EB-E2E57E718124}.Debug|Any CPU.ActiveCfg = Debug|Any CPU
		{EB2C9632-3DC6-48E0-B2EB-E2E57E718124}.Debug|Any CPU.Build.0 = Debug|Any CPU
		{EB2C9632-3DC6-48E0-B2EB-E2E57E718124}.Release|Any CPU.ActiveCfg = Release|Any CPU
		{EB2C9632-3DC6-48E0-B2EB-E2E57E718124}.Release|Any CPU.Build.0 = Release|Any CPU
		{2924DE77-FE7D-4D82-9F86-934784335E1D}.Debug|Any CPU.ActiveCfg = Debug|Any CPU
		{2924DE77-FE7D-4D82-9F86-934784335E1D}.Debug|Any CPU.Build.0 = Debug|Any CPU
		{2924DE77-FE7D-4D82-9F86-934784335E1D}.Release|Any CPU.ActiveCfg = Release|Any CPU
		{2924DE77-FE7D-4D82-9F86-934784335E1D}.Release|Any CPU.Build.0 = Release|Any CPU
	EndGlobalSection
EndGlobal
